
Microsoft Visual Studio Solution File, Format Version 12.00
# Visual Studio Version 16
VisualStudioVersion = 16.0.29709.97
MinimumVisualStudioVersion = 10.0.40219.1
Project("{FAE04EC0-301F-11D3-BF4B-00C04F79EFBC}") = "Farmacy", "Farmacy\Farmacy.csproj", "{690EFB42-B7E7-41F4-9BF0-48880971E7A6}"
EndProject
Global
	GlobalSection(SolutionConfigurationPlatforms) = preSolution
		Debug|Any CPU = Debug|Any CPU
		Release|Any CPU = Release|Any CPU
	EndGlobalSection
	GlobalSection(ProjectConfigurationPlatforms) = postSolution
		{690EFB42-B7E7-41F4-9BF0-48880971E7A6}.Debug|Any CPU.ActiveCfg = Debug|Any CPU
		{690EFB42-B7E7-41F4-9BF0-48880971E7A6}.Debug|Any CPU.Build.0 = Debug|Any CPU
		{690EFB42-B7E7-41F4-9BF0-48880971E7A6}.Release|Any CPU.ActiveCfg = Release|Any CPU
		{690EFB42-B7E7-41F4-9BF0-48880971E7A6}.Release|Any CPU.Build.0 = Release|Any CPU
	EndGlobalSection
	GlobalSection(SolutionProperties) = preSolution
		HideSolutionNode = FALSE
	EndGlobalSection
	GlobalSection(ExtensibilityGlobals) = postSolution
		SolutionGuid = {8EEFFCB9-82D1-40AB-B83E-DD361D952EB5}
	EndGlobalSection
EndGlobal
